
Microsoft Visual Studio Solution File, Format Version 12.00
# Visual Studio Version 17
VisualStudioVersion = 17.13.35731.43 d17.13
MinimumVisualStudioVersion = 10.0.40219.1
Project("{FAE04EC0-301F-11D3-BF4B-00C04F79EFBC}") = "AcunMedyaOdev1_CihanKurtbey", "AcunMedyaOdev1_CihanKurtbey\AcunMedyaOdev1_CihanKurtbey.csproj", "{C9282806-7B15-4D95-B797-BEE228723B7F}"
EndProject
Global
	GlobalSection(SolutionConfigurationPlatforms) = preSolution
		Debug|Any CPU = Debug|Any CPU
		Release|Any CPU = Release|Any CPU
	EndGlobalSection
	GlobalSection(ProjectConfigurationPlatforms) = postSolution
		{C9282806-7B15-4D95-B797-BEE228723B7F}.Debug|Any CPU.ActiveCfg = Debug|Any CPU
		{C9282806-7B15-4D95-B797-BEE228723B7F}.Debug|Any CPU.Build.0 = Debug|Any CPU
		{C9282806-7B15-4D95-B797-BEE228723B7F}.Release|Any CPU.ActiveCfg = Release|Any CPU
		{C9282806-7B15-4D95-B797-BEE228723B7F}.Release|Any CPU.Build.0 = Release|Any CPU
	EndGlobalSection
	GlobalSection(SolutionProperties) = preSolution
		HideSolutionNode = FALSE
	EndGlobalSection
	GlobalSection(ExtensibilityGlobals) = postSolution
		SolutionGuid = {5512BF9F-5FD9-4167-881D-F3362498A9B6}
	EndGlobalSection
EndGlobal
